
Microsoft Visual Studio Solution File, Format Version 12.00
# Visual Studio 15
VisualStudioVersion = 15.0.28010.2019
MinimumVisualStudioVersion = 10.0.40219.1
Project("{FAE04EC0-301F-11D3-BF4B-00C04F79EFBC}") = "Karnel_Travels", "Karnel_Travels\Karnel_Travels.csproj", "{1AC412E8-45A8-4086-80FF-9F200D4CEAC9}"
EndProject
Project("{FAE04EC0-301F-11D3-BF4B-00C04F79EFBC}") = "Karnel_Travels.Tests", "Karnel_Travels.Tests\Karnel_Travels.Tests.csproj", "{2801AD58-EDFF-4098-9B92-168EF9412AB2}"
EndProject
Global
	GlobalSection(SolutionConfigurationPlatforms) = preSolution
		Debug|Any CPU = Debug|Any CPU
		Release|Any CPU = Release|Any CPU
	EndGlobalSection
	GlobalSection(ProjectConfigurationPlatforms) = postSolution
		{1AC412E8-45A8-4086-80FF-9F200D4CEAC9}.Debug|Any CPU.ActiveCfg = Debug|Any CPU
		{1AC412E8-45A8-4086-80FF-9F200D4CEAC9}.Debug|Any CPU.Build.0 = Debug|Any CPU
		{1AC412E8-45A8-4086-80FF-9F200D4CEAC9}.Release|Any CPU.ActiveCfg = Release|Any CPU
		{1AC412E8-45A8-4086-80FF-9F200D4CEAC9}.Release|Any CPU.Build.0 = Release|Any CPU
		{2801AD58-EDFF-4098-9B92-168EF9412AB2}.Debug|Any CPU.ActiveCfg = Debug|Any CPU
		{2801AD58-EDFF-4098-9B92-168EF9412AB2}.Debug|Any CPU.Build.0 = Debug|Any CPU
		{2801AD58-EDFF-4098-9B92-168EF9412AB2}.Release|Any CPU.ActiveCfg = Release|Any CPU
		{2801AD58-EDFF-4098-9B92-168EF9412AB2}.Release|Any CPU.Build.0 = Release|Any CPU
	EndGlobalSection
	GlobalSection(SolutionProperties) = preSolution
		HideSolutionNode = FALSE
	EndGlobalSection
	GlobalSection(ExtensibilityGlobals) = postSolution
		SolutionGuid = {E19DD40E-1E28-440A-8566-0B21A1B5E462}
	EndGlobalSection
EndGlobal
